// !$*UTF8*$!
{
	archiveVersion = 1;
	classes = {
	};
	objectVersion = 55;
	objects = {

/* Begin PBXBuildFile section */
		324358DE1784551DD9EBCFB1 /* Pods_Neobis_iOS_ToDoApp.framework in Frameworks */ = {isa = PBXBuildFile; fileRef = 42C1386B86BFB3E1238A7A9F /* Pods_Neobis_iOS_ToDoApp.framework */; };
		DC90515529DFF1E300E00DFE /* UserDefaultsHelper.swift in Sources */ = {isa = PBXBuildFile; fileRef = DC90515429DFF1E300E00DFE /* UserDefaultsHelper.swift */; };
		DCCC3F0029DD27630047BC87 /* AppDelegate.swift in Sources */ = {isa = PBXBuildFile; fileRef = DCCC3EFF29DD27630047BC87 /* AppDelegate.swift */; };
		DCCC3F0229DD27630047BC87 /* SceneDelegate.swift in Sources */ = {isa = PBXBuildFile; fileRef = DCCC3F0129DD27630047BC87 /* SceneDelegate.swift */; };
		DCCC3F0729DD27630047BC87 /* Main.storyboard in Resources */ = {isa = PBXBuildFile; fileRef = DCCC3F0529DD27630047BC87 /* Main.storyboard */; };
		DCCC3F0929DD27640047BC87 /* Assets.xcassets in Resources */ = {isa = PBXBuildFile; fileRef = DCCC3F0829DD27640047BC87 /* Assets.xcassets */; };
		DCCC3F0C29DD27640047BC87 /* LaunchScreen.storyboard in Resources */ = {isa = PBXBuildFile; fileRef = DCCC3F0A29DD27640047BC87 /* LaunchScreen.storyboard */; };
		DCCC3F1429DD285C0047BC87 /* TaskCollectionViewController.swift in Sources */ = {isa = PBXBuildFile; fileRef = DCCC3F1329DD285C0047BC87 /* TaskCollectionViewController.swift */; };
		DCCC3F1829DD36FD0047BC87 /* TaskCell.swift in Sources */ = {isa = PBXBuildFile; fileRef = DCCC3F1729DD36FD0047BC87 /* TaskCell.swift */; };
		DCCC3F1A29DD388F0047BC87 /* MainViewController.swift in Sources */ = {isa = PBXBuildFile; fileRef = DCCC3F1929DD388F0047BC87 /* MainViewController.swift */; };
		DCCC3F1C29DD6AEF0047BC87 /* TaskDetailsController.swift in Sources */ = {isa = PBXBuildFile; fileRef = DCCC3F1B29DD6AEF0047BC87 /* TaskDetailsController.swift */; };
		DCCC3F1F29DDA6DD0047BC87 /* Task.swift in Sources */ = {isa = PBXBuildFile; fileRef = DCCC3F1E29DDA6DD0047BC87 /* Task.swift */; };
/* End PBXBuildFile section */

/* Begin PBXFileReference section */
		135C19B4873AF79D2CD63E4F /* Pods-Neobis_iOS_ToDoApp.debug.xcconfig */ = {isa = PBXFileReference; includeInIndex = 1; lastKnownFileType = text.xcconfig; name = "Pods-Neobis_iOS_ToDoApp.debug.xcconfig"; path = "Target Support Files/Pods-Neobis_iOS_ToDoApp/Pods-Neobis_iOS_ToDoApp.debug.xcconfig"; sourceTree = "<group>"; };
		42C1386B86BFB3E1238A7A9F /* Pods_Neobis_iOS_ToDoApp.framework */ = {isa = PBXFileReference; explicitFileType = wrapper.framework; includeInIndex = 0; path = Pods_Neobis_iOS_ToDoApp.framework; sourceTree = BUILT_PRODUCTS_DIR; };
		DA83676BF9FE7AB7D7AED7A7 /* Pods-Neobis_iOS_ToDoApp.release.xcconfig */ = {isa = PBXFileReference; includeInIndex = 1; lastKnownFileType = text.xcconfig; name = "Pods-Neobis_iOS_ToDoApp.release.xcconfig"; path = "Target Support Files/Pods-Neobis_iOS_ToDoApp/Pods-Neobis_iOS_ToDoApp.release.xcconfig"; sourceTree = "<group>"; };
		DC90515429DFF1E300E00DFE /* UserDefaultsHelper.swift */ = {isa = PBXFileReference; lastKnownFileType = sourcecode.swift; path = UserDefaultsHelper.swift; sourceTree = "<group>"; };
		DCCC3EFC29DD27630047BC87 /* Neobis_iOS_ToDoApp.app */ = {isa = PBXFileReference; explicitFileType = wrapper.application; includeInIndex = 0; path = Neobis_iOS_ToDoApp.app; sourceTree = BUILT_PRODUCTS_DIR; };
		DCCC3EFF29DD27630047BC87 /* AppDelegate.swift */ = {isa = PBXFileReference; lastKnownFileType = sourcecode.swift; path = AppDelegate.swift; sourceTree = "<group>"; };
		DCCC3F0129DD27630047BC87 /* SceneDelegate.swift */ = {isa = PBXFileReference; lastKnownFileType = sourcecode.swift; path = SceneDelegate.swift; sourceTree = "<group>"; };
		DCCC3F0629DD27630047BC87 /* Base */ = {isa = PBXFileReference; lastKnownFileType = file.storyboard; name = Base; path = Base.lproj/Main.storyboard; sourceTree = "<group>"; };
		DCCC3F0829DD27640047BC87 /* Assets.xcassets */ = {isa = PBXFileReference; lastKnownFileType = folder.assetcatalog; path = Assets.xcassets; sourceTree = "<group>"; };
		DCCC3F0B29DD27640047BC87 /* Base */ = {isa = PBXFileReference; lastKnownFileType = file.storyboard; name = Base; path = Base.lproj/LaunchScreen.storyboard; sourceTree = "<group>"; };
		DCCC3F0D29DD27640047BC87 /* Info.plist */ = {isa = PBXFileReference; lastKnownFileType = text.plist.xml; path = Info.plist; sourceTree = "<group>"; };
		DCCC3F1329DD285C0047BC87 /* TaskCollectionViewController.swift */ = {isa = PBXFileReference; lastKnownFileType = sourcecode.swift; path = TaskCollectionViewController.swift; sourceTree = "<group>"; };
		DCCC3F1729DD36FD0047BC87 /* TaskCell.swift */ = {isa = PBXFileReference; lastKnownFileType = sourcecode.swift; path = TaskCell.swift; sourceTree = "<group>"; };
		DCCC3F1929DD388F0047BC87 /* MainViewController.swift */ = {isa = PBXFileReference; lastKnownFileType = sourcecode.swift; path = MainViewController.swift; sourceTree = "<group>"; };
		DCCC3F1B29DD6AEF0047BC87 /* TaskDetailsController.swift */ = {isa = PBXFileReference; lastKnownFileType = sourcecode.swift; path = TaskDetailsController.swift; sourceTree = "<group>"; };
		DCCC3F1E29DDA6DD0047BC87 /* Task.swift */ = {isa = PBXFileReference; lastKnownFileType = sourcecode.swift; path = Task.swift; sourceTree = "<group>"; };
/* End PBXFileReference section */

/* Begin PBXFrameworksBuildPhase section */
		DCCC3EF929DD27630047BC87 /* Frameworks */ = {
			isa = PBXFrameworksBuildPhase;
			buildActionMask = 2147483647;
			files = (
				324358DE1784551DD9EBCFB1 /* Pods_Neobis_iOS_ToDoApp.framework in Frameworks */,
			);
			runOnlyForDeploymentPostprocessing = 0;
		};
/* End PBXFrameworksBuildPhase section */

/* Begin PBXGroup section */
		91191F3F029E9D42E4FF09D9 /* Frameworks */ = {
			isa = PBXGroup;
			children = (
				42C1386B86BFB3E1238A7A9F /* Pods_Neobis_iOS_ToDoApp.framework */,
			);
			name = Frameworks;
			sourceTree = "<group>";
		};
		9AAE97FB09DFBBABE4A600FD /* Pods */ = {
			isa = PBXGroup;
			children = (
				135C19B4873AF79D2CD63E4F /* Pods-Neobis_iOS_ToDoApp.debug.xcconfig */,
				DA83676BF9FE7AB7D7AED7A7 /* Pods-Neobis_iOS_ToDoApp.release.xcconfig */,
			);
			path = Pods;
			sourceTree = "<group>";
		};
		DC90515329DFF1C900E00DFE /* Helpers */ = {
			isa = PBXGroup;
			children = (
				DC90515429DFF1E300E00DFE /* UserDefaultsHelper.swift */,
			);
			path = Helpers;
			sourceTree = "<group>";
		};
		DC90515629DFF1F400E00DFE /* Delegate  */ = {
			isa = PBXGroup;
			children = (
				DCCC3EFF29DD27630047BC87 /* AppDelegate.swift */,
				DCCC3F0129DD27630047BC87 /* SceneDelegate.swift */,
			);
			path = "Delegate ";
			sourceTree = "<group>";
		};
		DCCC3EF329DD27620047BC87 = {
			isa = PBXGroup;
			children = (
				DCCC3EFE29DD27630047BC87 /* Neobis_iOS_ToDoApp */,
				DCCC3EFD29DD27630047BC87 /* Products */,
				9AAE97FB09DFBBABE4A600FD /* Pods */,
				91191F3F029E9D42E4FF09D9 /* Frameworks */,
			);
			sourceTree = "<group>";
		};
		DCCC3EFD29DD27630047BC87 /* Products */ = {
			isa = PBXGroup;
			children = (
				DCCC3EFC29DD27630047BC87 /* Neobis_iOS_ToDoApp.app */,
			);
			name = Products;
			sourceTree = "<group>";
		};
		DCCC3EFE29DD27630047BC87 /* Neobis_iOS_ToDoApp */ = {
			isa = PBXGroup;
			children = (
				DCCC3F1D29DDA6C10047BC87 /* Model */,
				DCCC3F1629DD36D80047BC87 /* Controller */,
				DCCC3F1529DD36D20047BC87 /* View */,
				DC90515329DFF1C900E00DFE /* Helpers */,
				DC90515629DFF1F400E00DFE /* Delegate  */,
				DCCC3F0829DD27640047BC87 /* Assets.xcassets */,
				DCCC3F0A29DD27640047BC87 /* LaunchScreen.storyboard */,
				DCCC3F0529DD27630047BC87 /* Main.storyboard */,
				DCCC3F0D29DD27640047BC87 /* Info.plist */,
			);
			path = Neobis_iOS_ToDoApp;
			sourceTree = "<group>";
		};
		DCCC3F1529DD36D20047BC87 /* View */ = {
			isa = PBXGroup;
			children = (
				DCCC3F1729DD36FD0047BC87 /* TaskCell.swift */,
			);
			path = View;
			sourceTree = "<group>";
		};
		DCCC3F1629DD36D80047BC87 /* Controller */ = {
			isa = PBXGroup;
			children = (
				DCCC3F1929DD388F0047BC87 /* MainViewController.swift */,
				DCCC3F1329DD285C0047BC87 /* TaskCollectionViewController.swift */,
				DCCC3F1B29DD6AEF0047BC87 /* TaskDetailsController.swift */,
			);
			path = Controller;
			sourceTree = "<group>";
		};
		DCCC3F1D29DDA6C10047BC87 /* Model */ = {
			isa = PBXGroup;
			children = (
				DCCC3F1E29DDA6DD0047BC87 /* Task.swift */,
			);
			path = Model;
			sourceTree = "<group>";
		};
/* End PBXGroup section */

/* Begin PBXNativeTarget section */
		DCCC3EFB29DD27630047BC87 /* Neobis_iOS_ToDoApp */ = {
			isa = PBXNativeTarget;
			buildConfigurationList = DCCC3F1029DD27640047BC87 /* Build configuration list for PBXNativeTarget "Neobis_iOS_ToDoApp" */;
			buildPhases = (
				CA2E4AE7651DEB2D2D6382C2 /* [CP] Check Pods Manifest.lock */,
				DCCC3EF829DD27630047BC87 /* Sources */,
				DCCC3EF929DD27630047BC87 /* Frameworks */,
				DCCC3EFA29DD27630047BC87 /* Resources */,
				90BB3A15B909479C5491FAB5 /* [CP] Embed Pods Frameworks */,
			);
			buildRules = (
			);
			dependencies = (
			);
			name = Neobis_iOS_ToDoApp;
			productName = Neobis_iOS_ToDoApp;
			productReference = DCCC3EFC29DD27630047BC87 /* Neobis_iOS_ToDoApp.app */;
			productType = "com.apple.product-type.application";
		};
/* End PBXNativeTarget section */

/* Begin PBXProject section */
		DCCC3EF429DD27620047BC87 /* Project object */ = {
			isa = PBXProject;
			attributes = {
				BuildIndependentTargetsInParallel = 1;
				LastSwiftUpdateCheck = 1340;
				LastUpgradeCheck = 1340;
				TargetAttributes = {
					DCCC3EFB29DD27630047BC87 = {
						CreatedOnToolsVersion = 13.4.1;
					};
				};
			};
			buildConfigurationList = DCCC3EF729DD27620047BC87 /* Build configuration list for PBXProject "Neobis_iOS_ToDoApp" */;
			compatibilityVersion = "Xcode 13.0";
			developmentRegion = en;
			hasScannedForEncodings = 0;
			knownRegions = (
				en,
				Base,
			);
			mainGroup = DCCC3EF329DD27620047BC87;
			productRefGroup = DCCC3EFD29DD27630047BC87 /* Products */;
			projectDirPath = "";
			projectRoot = "";
			targets = (
				DCCC3EFB29DD27630047BC87 /* Neobis_iOS_ToDoApp */,
			);
		};
/* End PBXProject section */

/* Begin PBXResourcesBuildPhase section */
		DCCC3EFA29DD27630047BC87 /* Resources */ = {
			isa = PBXResourcesBuildPhase;
			buildActionMask = 2147483647;
			files = (
				DCCC3F0C29DD27640047BC87 /* LaunchScreen.storyboard in Resources */,
				DCCC3F0929DD27640047BC87 /* Assets.xcassets in Resources */,
				DCCC3F0729DD27630047BC87 /* Main.storyboard in Resources */,
			);
			runOnlyForDeploymentPostprocessing = 0;
		};
/* End PBXResourcesBuildPhase section */

/* Begin PBXShellScriptBuildPhase section */
		90BB3A15B909479C5491FAB5 /* [CP] Embed Pods Frameworks */ = {
			isa = PBXShellScriptBuildPhase;
			buildActionMask = 2147483647;
			files = (
			);
			inputFileListPaths = (
				"${PODS_ROOT}/Target Support Files/Pods-Neobis_iOS_ToDoApp/Pods-Neobis_iOS_ToDoApp-frameworks-${CONFIGURATION}-input-files.xcfilelist",
			);
			name = "[CP] Embed Pods Frameworks";
			outputFileListPaths = (
				"${PODS_ROOT}/Target Support Files/Pods-Neobis_iOS_ToDoApp/Pods-Neobis_iOS_ToDoApp-frameworks-${CONFIGURATION}-output-files.xcfilelist",
			);
			runOnlyForDeploymentPostprocessing = 0;
			shellPath = /bin/sh;
			shellScript = "\"${PODS_ROOT}/Target Support Files/Pods-Neobis_iOS_ToDoApp/Pods-Neobis_iOS_ToDoApp-frameworks.sh\"\n";
			showEnvVarsInLog = 0;
		};
		CA2E4AE7651DEB2D2D6382C2 /* [CP] Check Pods Manifest.lock */ = {
			isa = PBXShellScriptBuildPhase;
			buildActionMask = 2147483647;
			files = (
			);
			inputFileListPaths = (
			);
			inputPaths = (
				"${PODS_PODFILE_DIR_PATH}/Podfile.lock",
				"${PODS_ROOT}/Manifest.lock",
			);
			name = "[CP] Check Pods Manifest.lock";
			outputFileListPaths = (
			);
			outputPaths = (
				"$(DERIVED_FILE_DIR)/Pods-Neobis_iOS_ToDoApp-checkManifestLockResult.txt",
			);
			runOnlyForDeploymentPostprocessing = 0;
			shellPath = /bin/sh;
			shellScript = "diff \"${PODS_PODFILE_DIR_PATH}/Podfile.lock\" \"${PODS_ROOT}/Manifest.lock\" > /dev/null\nif [ $? != 0 ] ; then\n    # print error to STDERR\n    echo \"error: The sandbox is not in sync with the Podfile.lock. Run 'pod install' or update your CocoaPods installation.\" >&2\n    exit 1\nfi\n# This output is used by Xcode 'outputs' to avoid re-running this script phase.\necho \"SUCCESS\" > \"${SCRIPT_OUTPUT_FILE_0}\"\n";
			showEnvVarsInLog = 0;
		};
/* End PBXShellScriptBuildPhase section */

/* Begin PBXSourcesBuildPhase section */
		DCCC3EF829DD27630047BC87 /* Sources */ = {
			isa = PBXSourcesBuildPhase;
			buildActionMask = 2147483647;
			files = (
				DCCC3F1829DD36FD0047BC87 /* TaskCell.swift in Sources */,
				DCCC3F1429DD285C0047BC87 /* TaskCollectionViewController.swift in Sources */,
				DC90515529DFF1E300E00DFE /* UserDefaultsHelper.swift in Sources */,
				DCCC3F0029DD27630047BC87 /* AppDelegate.swift in Sources */,
				DCCC3F0229DD27630047BC87 /* SceneDelegate.swift in Sources */,
				DCCC3F1A29DD388F0047BC87 /* MainViewController.swift in Sources */,
				DCCC3F1F29DDA6DD0047BC87 /* Task.swift in Sources */,
				DCCC3F1C29DD6AEF0047BC87 /* TaskDetailsController.swift in Sources */,
			);
			runOnlyForDeploymentPostprocessing = 0;
		};
/* End PBXSourcesBuildPhase section */

/* Begin PBXVariantGroup section */
		DCCC3F0529DD27630047BC87 /* Main.storyboard */ = {
			isa = PBXVariantGroup;
			children = (
				DCCC3F0629DD27630047BC87 /* Base */,
			);
			name = Main.storyboard;
			sourceTree = "<group>";
		};
		DCCC3F0A29DD27640047BC87 /* LaunchScreen.storyboard */ = {
			isa = PBXVariantGroup;
			children = (
				DCCC3F0B29DD27640047BC87 /* Base */,
			);
			name = LaunchScreen.storyboard;
			sourceTree = "<group>";
		};
/* End PBXVariantGroup section */

/* Begin XCBuildConfiguration section */
		DCCC3F0E29DD27640047BC87 /* Debug */ = {
			isa = XCBuildConfiguration;
			buildSettings = {
				ALWAYS_SEARCH_USER_PATHS = NO;
				CLANG_ANALYZER_NONNULL = YES;
				CLANG_ANALYZER_NUMBER_OBJECT_CONVERSION = YES_AGGRESSIVE;
				CLANG_CXX_LANGUAGE_STANDARD = "gnu++17";
				CLANG_ENABLE_MODULES = YES;
				CLANG_ENABLE_OBJC_ARC = YES;
				CLANG_ENABLE_OBJC_WEAK = YES;
				CLANG_WARN_BLOCK_CAPTURE_AUTORELEASING = YES;
				CLANG_WARN_BOOL_CONVERSION = YES;
				CLANG_WARN_COMMA = YES;
				CLANG_WARN_CONSTANT_CONVERSION = YES;
				CLANG_WARN_DEPRECATED_OBJC_IMPLEMENTATIONS = YES;
				CLANG_WARN_DIRECT_OBJC_ISA_USAGE = YES_ERROR;
				CLANG_WARN_DOCUMENTATION_COMMENTS = YES;
				CLANG_WARN_EMPTY_BODY = YES;
				CLANG_WARN_ENUM_CONVERSION = YES;
				CLANG_WARN_INFINITE_RECURSION = YES;
				CLANG_WARN_INT_CONVERSION = YES;
				CLANG_WARN_NON_LITERAL_NULL_CONVERSION = YES;
				CLANG_WARN_OBJC_IMPLICIT_RETAIN_SELF = YES;
				CLANG_WARN_OBJC_LITERAL_CONVERSION = YES;
				CLANG_WARN_OBJC_ROOT_CLASS = YES_ERROR;
				CLANG_WARN_QUOTED_INCLUDE_IN_FRAMEWORK_HEADER = YES;
				CLANG_WARN_RANGE_LOOP_ANALYSIS = YES;
				CLANG_WARN_STRICT_PROTOTYPES = YES;
				CLANG_WARN_SUSPICIOUS_MOVE = YES;
				CLANG_WARN_UNGUARDED_AVAILABILITY = YES_AGGRESSIVE;
				CLANG_WARN_UNREACHABLE_CODE = YES;
				CLANG_WARN__DUPLICATE_METHOD_MATCH = YES;
				COPY_PHASE_STRIP = NO;
				DEBUG_INFORMATION_FORMAT = dwarf;
				ENABLE_STRICT_OBJC_MSGSEND = YES;
				ENABLE_TESTABILITY = YES;
				GCC_C_LANGUAGE_STANDARD = gnu11;
				GCC_DYNAMIC_NO_PIC = NO;
				GCC_NO_COMMON_BLOCKS = YES;
				GCC_OPTIMIZATION_LEVEL = 0;
				GCC_PREPROCESSOR_DEFINITIONS = (
					"DEBUG=1",
					"$(inherited)",
				);
				GCC_WARN_64_TO_32_BIT_CONVERSION = YES;
				GCC_WARN_ABOUT_RETURN_TYPE = YES_ERROR;
				GCC_WARN_UNDECLARED_SELECTOR = YES;
				GCC_WARN_UNINITIALIZED_AUTOS = YES_AGGRESSIVE;
				GCC_WARN_UNUSED_FUNCTION = YES;
				GCC_WARN_UNUSED_VARIABLE = YES;
				IPHONEOS_DEPLOYMENT_TARGET = 15.5;
				MTL_ENABLE_DEBUG_INFO = INCLUDE_SOURCE;
				MTL_FAST_MATH = YES;
				ONLY_ACTIVE_ARCH = YES;
				SDKROOT = iphoneos;
				SWIFT_ACTIVE_COMPILATION_CONDITIONS = DEBUG;
				SWIFT_OPTIMIZATION_LEVEL = "-Onone";
			};
			name = Debug;
		};
		DCCC3F0F29DD27640047BC87 /* Release */ = {
			isa = XCBuildConfiguration;
			buildSettings = {
				ALWAYS_SEARCH_USER_PATHS = NO;
				CLANG_ANALYZER_NONNULL = YES;
				CLANG_ANALYZER_NUMBER_OBJECT_CONVERSION = YES_AGGRESSIVE;
				CLANG_CXX_LANGUAGE_STANDARD = "gnu++17";
				CLANG_ENABLE_MODULES = YES;
				CLANG_ENABLE_OBJC_ARC = YES;
				CLANG_ENABLE_OBJC_WEAK = YES;
				CLANG_WARN_BLOCK_CAPTURE_AUTORELEASING = YES;
				CLANG_WARN_BOOL_CONVERSION = YES;
				CLANG_WARN_COMMA = YES;
				CLANG_WARN_CONSTANT_CONVERSION = YES;
				CLANG_WARN_DEPRECATED_OBJC_IMPLEMENTATIONS = YES;
				CLANG_WARN_DIRECT_OBJC_ISA_USAGE = YES_ERROR;
				CLANG_WARN_DOCUMENTATION_COMMENTS = YES;
				CLANG_WARN_EMPTY_BODY = YES;
				CLANG_WARN_ENUM_CONVERSION = YES;
				CLANG_WARN_INFINITE_RECURSION = YES;
				CLANG_WARN_INT_CONVERSION = YES;
				CLANG_WARN_NON_LITERAL_NULL_CONVERSION = YES;
				CLANG_WARN_OBJC_IMPLICIT_RETAIN_SELF = YES;
				CLANG_WARN_OBJC_LITERAL_CONVERSION = YES;
				CLANG_WARN_OBJC_ROOT_CLASS = YES_ERROR;
				CLANG_WARN_QUOTED_INCLUDE_IN_FRAMEWORK_HEADER = YES;
				CLANG_WARN_RANGE_LOOP_ANALYSIS = YES;
				CLANG_WARN_STRICT_PROTOTYPES = YES;
				CLANG_WARN_SUSPICIOUS_MOVE = YES;
				CLANG_WARN_UNGUARDED_AVAILABILITY = YES_AGGRESSIVE;
				CLANG_WARN_UNREACHABLE_CODE = YES;
				CLANG_WARN__DUPLICATE_METHOD_MATCH = YES;
				COPY_PHASE_STRIP = NO;
				DEBUG_INFORMATION_FORMAT = "dwarf-with-dsym";
				ENABLE_NS_ASSERTIONS = NO;
				ENABLE_STRICT_OBJC_MSGSEND = YES;
				GCC_C_LANGUAGE_STANDARD = gnu11;
				GCC_NO_COMMON_BLOCKS = YES;
				GCC_WARN_64_TO_32_BIT_CONVERSION = YES;
				GCC_WARN_ABOUT_RETURN_TYPE = YES_ERROR;
				GCC_WARN_UNDECLARED_SELECTOR = YES;
				GCC_WARN_UNINITIALIZED_AUTOS = YES_AGGRESSIVE;
				GCC_WARN_UNUSED_FUNCTION = YES;
				GCC_WARN_UNUSED_VARIABLE = YES;
				IPHONEOS_DEPLOYMENT_TARGET = 15.5;
				MTL_ENABLE_DEBUG_INFO = NO;
				MTL_FAST_MATH = YES;
				SDKROOT = iphoneos;
				SWIFT_COMPILATION_MODE = wholemodule;
				SWIFT_OPTIMIZATION_LEVEL = "-O";
				VALIDATE_PRODUCT = YES;
			};
			name = Release;
		};
		DCCC3F1129DD27640047BC87 /* Debug */ = {
			isa = XCBuildConfiguration;
			baseConfigurationReference = 135C19B4873AF79D2CD63E4F /* Pods-Neobis_iOS_ToDoApp.debug.xcconfig */;
			buildSettings = {
				ASSETCATALOG_COMPILER_APPICON_NAME = AppIcon;
				ASSETCATALOG_COMPILER_GLOBAL_ACCENT_COLOR_NAME = AccentColor;
				CODE_SIGN_STYLE = Automatic;
				CURRENT_PROJECT_VERSION = 1;
				GENERATE_INFOPLIST_FILE = YES;
				INFOPLIST_FILE = Neobis_iOS_ToDoApp/Info.plist;
				INFOPLIST_KEY_UIApplicationSupportsIndirectInputEvents = YES;
				INFOPLIST_KEY_UILaunchStoryboardName = LaunchScreen;
				INFOPLIST_KEY_UIMainStoryboardFile = Main;
				INFOPLIST_KEY_UISupportedInterfaceOrientations_iPad = "UIInterfaceOrientationPortrait UIInterfaceOrientationPortraitUpsideDown UIInterfaceOrientationLandscapeLeft UIInterfaceOrientationLandscapeRight";
				INFOPLIST_KEY_UISupportedInterfaceOrientations_iPhone = "UIInterfaceOrientationPortrait UIInterfaceOrientationLandscapeLeft UIInterfaceOrientationLandscapeRight";
				LD_RUNPATH_SEARCH_PATHS = (
					"$(inherited)",
					"@executable_path/Frameworks",
				);
				MARKETING_VERSION = 1.0;
				PRODUCT_BUNDLE_IDENTIFIER = "-.Neobis-iOS-ToDoApp";
				PRODUCT_NAME = "$(TARGET_NAME)";
				SWIFT_EMIT_LOC_STRINGS = YES;
				SWIFT_VERSION = 5.0;
				TARGETED_DEVICE_FAMILY = 1;
			};
			name = Debug;
		};
		DCCC3F1229DD27640047BC87 /* Release */ = {
			isa = XCBuildConfiguration;
			baseConfigurationReference = DA83676BF9FE7AB7D7AED7A7 /* Pods-Neobis_iOS_ToDoApp.release.xcconfig */;
			buildSettings = {
				ASSETCATALOG_COMPILER_APPICON_NAME = AppIcon;
				ASSETCATALOG_COMPILER_GLOBAL_ACCENT_COLOR_NAME = AccentColor;
				CODE_SIGN_STYLE = Automatic;
				CURRENT_PROJECT_VERSION = 1;
				GENERATE_INFOPLIST_FILE = YES;
				INFOPLIST_FILE = Neobis_iOS_ToDoApp/Info.plist;
				INFOPLIST_KEY_UIApplicationSupportsIndirectInputEvents = YES;
				INFOPLIST_KEY_UILaunchStoryboardName = LaunchScreen;
				INFOPLIST_KEY_UIMainStoryboardFile = Main;
				INFOPLIST_KEY_UISupportedInterfaceOrientations_iPad = "UIInterfaceOrientationPortrait UIInterfaceOrientationPortraitUpsideDown UIInterfaceOrientationLandscapeLeft UIInterfaceOrientationLandscapeRight";
				INFOPLIST_KEY_UISupportedInterfaceOrientations_iPhone = "UIInterfaceOrientationPortrait UIInterfaceOrientationLandscapeLeft UIInterfaceOrientationLandscapeRight";
				LD_RUNPATH_SEARCH_PATHS = (
					"$(inherited)",
					"@executable_path/Frameworks",
				);
				MARKETING_VERSION = 1.0;
				PRODUCT_BUNDLE_IDENTIFIER = "-.Neobis-iOS-ToDoApp";
				PRODUCT_NAME = "$(TARGET_NAME)";
				SWIFT_EMIT_LOC_STRINGS = YES;
				SWIFT_VERSION = 5.0;
				TARGETED_DEVICE_FAMILY = 1;
			};
			name = Release;
		};
/* End XCBuildConfiguration section */

/* Begin XCConfigurationList section */
		DCCC3EF729DD27620047BC87 /* Build configuration list for PBXProject "Neobis_iOS_ToDoApp" */ = {
			isa = XCConfigurationList;
			buildConfigurations = (
				DCCC3F0E29DD27640047BC87 /* Debug */,
				DCCC3F0F29DD27640047BC87 /* Release */,
			);
			defaultConfigurationIsVisible = 0;
			defaultConfigurationName = Release;
		};
		DCCC3F1029DD27640047BC87 /* Build configuration list for PBXNativeTarget "Neobis_iOS_ToDoApp" */ = {
			isa = XCConfigurationList;
			buildConfigurations = (
				DCCC3F1129DD27640047BC87 /* Debug */,
				DCCC3F1229DD27640047BC87 /* Release */,
			);
			defaultConfigurationIsVisible = 0;
			defaultConfigurationName = Release;
		};
/* End XCConfigurationList section */
	};
	rootObject = DCCC3EF429DD27620047BC87 /* Project object */;
}
